# This file is autogenerated, do not edit; changes may be undone by the next 'dep ensure'.


[[projects]]
  digest = "1:5ad08b0e14866764a6d7475eb11c9cf05cad9a52c442593bdfa544703ff77f61"
  name = "cloud.google.com/go"
  packages = ["compute/metadata"]
  pruneopts = "UT"
  revision = "0ebda48a7f143b1cce9eb37a8c1106ac762a3430"
  version = "v0.34.0"

[[projects]]
  digest = "1:ec6f9bf5e274c833c911923c9193867f3f18788c461f76f05f62bb1510e0ae65"
  name = "github.com/go-sql-driver/mysql"
  packages = ["."]
  pruneopts = "UT"
  revision = "72cd26f257d44c1114970e19afddcd812016007e"
  version = "v1.4.1"

[[projects]]
  digest = "1:97df918963298c287643883209a2c3f642e6593379f97ab400c2a2e219ab647d"
  name = "github.com/golang/protobuf"
  packages = ["proto"]
  pruneopts = "UT"
  revision = "aa810b61a9c79d51363740d207bb46cf8e620ed5"
  version = "v1.2.0"

[[projects]]
  digest = "1:f97285a3b0a496dcf8801072622230d513f69175665d94de60eb042d03387f6c"
  name = "github.com/julienschmidt/httprouter"
  packages = ["."]
  pruneopts = "UT"
  revision = "348b672cd90d8190f8240323e372ecd1e66b59dc"
  version = "v1.2.0"

[[projects]]
  branch = "master"
  digest = "1:0e1e5f960c58fdc677212fcc70e55042a0084d367623e51afbdb568963832f5d"
  name = "github.com/nu7hatch/gouuid"
  packages = ["."]
  pruneopts = "UT"
  revision = "179d4d0c4d8d407a32af483c2354df1d2c91e6c3"

[[projects]]
  branch = "master"
  digest = "1:1ecf2a49df33be51e757d0033d5d51d5f784f35f68e5a38f797b2d3f03357d71"
  name = "golang.org/x/crypto"
  packages = [
    "bcrypt",
    "blowfish",
  ]
  pruneopts = "UT"
  revision = "64072686203f69e3fd20143576b27200f18ab0fa"

[[projects]]
  branch = "master"
  digest = "1:414b14a8bf684d66472d704db11557afffb5391da7ce4808b013c37c1f9911d7"
  name = "golang.org/x/net"
  packages = [
    "context",
    "context/ctxhttp",
    "http/httpguts",
    "http2",
    "http2/hpack",
    "idna",
  ]
  pruneopts = "UT"
  revision = "ed066c81e75eba56dd9bd2139ade88125b855585"

[[projects]]
  branch = "master"
  digest = "1:511a6232760c10dcb1ebf1ab83ef0291e2baf801f203ca6314759c5458b73a6a"
  name = "golang.org/x/oauth2"
  packages = [
    ".",
    "google",
    "internal",
    "jws",
    "jwt",
  ]
  pruneopts = "UT"
  revision = "5dab4167f31cbd76b407f1486c86b40748bc5073"

[[projects]]
  digest = "1:a2ab62866c75542dd18d2b069fec854577a20211d7c0ea6ae746072a1dccdd18"
  name = "golang.org/x/text"
  packages = [
    "collate",
    "collate/build",
    "internal/colltab",
    "internal/gen",
    "internal/tag",
    "internal/triegen",
    "internal/ucd",
    "language",
    "secure/bidirule",
    "transform",
    "unicode/bidi",
    "unicode/cldr",
    "unicode/norm",
    "unicode/rangetable",
  ]
  pruneopts = "UT"
  revision = "f21a4dfb5e38f5895301dc265a8def02365cc3d0"
  version = "v0.3.0"

[[projects]]
  digest = "1:7bc25c2efff76b31f146caf630c617be9b666c6164f0632050466fbec0500125"
  name = "google.golang.org/appengine"
  packages = [
    ".",
    "cloudsql",
    "internal",
    "internal/app_identity",
    "internal/base",
    "internal/datastore",
    "internal/log",
    "internal/modules",
    "internal/remote_api",
    "internal/urlfetch",
    "urlfetch",
  ]
  pruneopts = "UT"
  revision = "e9657d882bb81064595ca3b56cbe2546bbabf7b1"
  version = "v1.4.0"

[solve-meta]
  analyzer-name = "dep"
  analyzer-version = 1
  input-imports = [
    "github.com/go-sql-driver/mysql",
    "github.com/julienschmidt/httprouter",
    "github.com/nu7hatch/gouuid",
    "golang.org/x/crypto/bcrypt",
    "golang.org/x/net/http2",
    "golang.org/x/oauth2",
    "golang.org/x/oauth2/google",
  ]
  solver-name = "gps-cdcl"
  solver-version = 1
